
Microsoft Visual Studio Solution File, Format Version 12.00
# Visual Studio Version 16
VisualStudioVersion = 16.0.30011.22
MinimumVisualStudioVersion = 10.0.40219.1
Project("{FAE04EC0-301F-11D3-BF4B-00C04F79EFBC}") = "Snake", "Snake\Snake.csproj", "{4390457B-47D8-4CB7-A975-C86489D3EFBF}"
EndProject
Global
	GlobalSection(SolutionConfigurationPlatforms) = preSolution
		Debug|Any CPU = Debug|Any CPU
		Release|Any CPU = Release|Any CPU
	EndGlobalSection
	GlobalSection(ProjectConfigurationPlatforms) = postSolution
		{4390457B-47D8-4CB7-A975-C86489D3EFBF}.Debug|Any CPU.ActiveCfg = Debug|Any CPU
		{4390457B-47D8-4CB7-A975-C86489D3EFBF}.Debug|Any CPU.Build.0 = Debug|Any CPU
		{4390457B-47D8-4CB7-A975-C86489D3EFBF}.Release|Any CPU.ActiveCfg = Release|Any CPU
		{4390457B-47D8-4CB7-A975-C86489D3EFBF}.Release|Any CPU.Build.0 = Release|Any CPU
	EndGlobalSection
	GlobalSection(SolutionProperties) = preSolution
		HideSolutionNode = FALSE
	EndGlobalSection
	GlobalSection(ExtensibilityGlobals) = postSolution
		SolutionGuid = {38E62772-C95A-4211-8598-00A221B250A1}
	EndGlobalSection
EndGlobal
